// !$*UTF8*$!
{
	archiveVersion = 1;
	classes = {
	};
	objectVersion = 50;
	objects = {

/* Begin PBXBuildFile section */
		1D81AF5620925D2700AD16BF /* AppDelegate.m in Sources */ = {isa = PBXBuildFile; fileRef = 1D81AF5520925D2700AD16BF /* AppDelegate.m */; };
		1D81AF5920925D2700AD16BF /* ViewController.m in Sources */ = {isa = PBXBuildFile; fileRef = 1D81AF5820925D2700AD16BF /* ViewController.m */; };
		1D81AF5C20925D2700AD16BF /* Main.storyboard in Resources */ = {isa = PBXBuildFile; fileRef = 1D81AF5A20925D2700AD16BF /* Main.storyboard */; };
		1D81AF5F20925D2700AD16BF /* Jailbreak113.xcdatamodeld in Sources */ = {isa = PBXBuildFile; fileRef = 1D81AF5D20925D2700AD16BF /* Jailbreak113.xcdatamodeld */; };
		1D81AF6120925D2B00AD16BF /* Assets.xcassets in Resources */ = {isa = PBXBuildFile; fileRef = 1D81AF6020925D2B00AD16BF /* Assets.xcassets */; };
		1D81AF6420925D2B00AD16BF /* LaunchScreen.storyboard in Resources */ = {isa = PBXBuildFile; fileRef = 1D81AF6220925D2B00AD16BF /* LaunchScreen.storyboard */; };
		1D81AF6720925D2B00AD16BF /* main.m in Sources */ = {isa = PBXBuildFile; fileRef = 1D81AF6620925D2B00AD16BF /* main.m */; };
		1D81AF7120925D2C00AD16BF /* Jailbreak113Tests.m in Sources */ = {isa = PBXBuildFile; fileRef = 1D81AF7020925D2C00AD16BF /* Jailbreak113Tests.m */; };
		1D81AF7C20925D2C00AD16BF /* Jailbreak113UITests.m in Sources */ = {isa = PBXBuildFile; fileRef = 1D81AF7B20925D2C00AD16BF /* Jailbreak113UITests.m */; };
/* End PBXBuildFile section */

/* Begin PBXContainerItemProxy section */
		1D81AF6D20925D2C00AD16BF /* PBXContainerItemProxy */ = {
			isa = PBXContainerItemProxy;
			containerPortal = 1D81AF4920925D2700AD16BF /* Project object */;
			proxyType = 1;
			remoteGlobalIDString = 1D81AF5020925D2700AD16BF;
			remoteInfo = Jailbreak113;
		};
		1D81AF7820925D2C00AD16BF /* PBXContainerItemProxy */ = {
			isa = PBXContainerItemProxy;
			containerPortal = 1D81AF4920925D2700AD16BF /* Project object */;
			proxyType = 1;
			remoteGlobalIDString = 1D81AF5020925D2700AD16BF;
			remoteInfo = Jailbreak113;
		};
/* End PBXContainerItemProxy section */

/* Begin PBXFileReference section */
		1D81AF5120925D2700AD16BF /* Jailbreak113.app */ = {isa = PBXFileReference; explicitFileType = wrapper.application; includeInIndex = 0; path = Jailbreak113.app; sourceTree = BUILT_PRODUCTS_DIR; };
		1D81AF5420925D2700AD16BF /* AppDelegate.h */ = {isa = PBXFileReference; lastKnownFileType = sourcecode.c.h; path = AppDelegate.h; sourceTree = "<group>"; };
		1D81AF5520925D2700AD16BF /* AppDelegate.m */ = {isa = PBXFileReference; lastKnownFileType = sourcecode.c.objc; path = AppDelegate.m; sourceTree = "<group>"; };
		1D81AF5720925D2700AD16BF /* ViewController.h */ = {isa = PBXFileReference; lastKnownFileType = sourcecode.c.h; path = ViewController.h; sourceTree = "<group>"; };
		1D81AF5820925D2700AD16BF /* ViewController.m */ = {isa = PBXFileReference; lastKnownFileType = sourcecode.c.objc; path = ViewController.m; sourceTree = "<group>"; };
		1D81AF5B20925D2700AD16BF /* Base */ = {isa = PBXFileReference; lastKnownFileType = file.storyboard; name = Base; path = Base.lproj/Main.storyboard; sourceTree = "<group>"; };
		1D81AF5E20925D2700AD16BF /* Jailbreak113.xcdatamodel */ = {isa = PBXFileReference; lastKnownFileType = wrapper.xcdatamodel; path = Jailbreak113.xcdatamodel; sourceTree = "<group>"; };
		1D81AF6020925D2B00AD16BF /* Assets.xcassets */ = {isa = PBXFileReference; lastKnownFileType = folder.assetcatalog; path = Assets.xcassets; sourceTree = "<group>"; };
		1D81AF6320925D2B00AD16BF /* Base */ = {isa = PBXFileReference; lastKnownFileType = file.storyboard; name = Base; path = Base.lproj/LaunchScreen.storyboard; sourceTree = "<group>"; };
		1D81AF6520925D2B00AD16BF /* Info.plist */ = {isa = PBXFileReference; lastKnownFileType = text.plist.xml; path = Info.plist; sourceTree = "<group>"; };
		1D81AF6620925D2B00AD16BF /* main.m */ = {isa = PBXFileReference; lastKnownFileType = sourcecode.c.objc; path = main.m; sourceTree = "<group>"; };
		1D81AF6C20925D2B00AD16BF /* Jailbreak113Tests.xctest */ = {isa = PBXFileReference; explicitFileType = wrapper.cfbundle; includeInIndex = 0; path = Jailbreak113Tests.xctest; sourceTree = BUILT_PRODUCTS_DIR; };
		1D81AF7020925D2C00AD16BF /* Jailbreak113Tests.m */ = {isa = PBXFileReference; lastKnownFileType = sourcecode.c.objc; path = Jailbreak113Tests.m; sourceTree = "<group>"; };
		1D81AF7220925D2C00AD16BF /* Info.plist */ = {isa = PBXFileReference; lastKnownFileType = text.plist.xml; path = Info.plist; sourceTree = "<group>"; };
		1D81AF7720925D2C00AD16BF /* Jailbreak113UITests.xctest */ = {isa = PBXFileReference; explicitFileType = wrapper.cfbundle; includeInIndex = 0; path = Jailbreak113UITests.xctest; sourceTree = BUILT_PRODUCTS_DIR; };
		1D81AF7B20925D2C00AD16BF /* Jailbreak113UITests.m */ = {isa = PBXFileReference; lastKnownFileType = sourcecode.c.objc; path = Jailbreak113UITests.m; sourceTree = "<group>"; };
		1D81AF7D20925D2C00AD16BF /* Info.plist */ = {isa = PBXFileReference; lastKnownFileType = text.plist.xml; path = Info.plist; sourceTree = "<group>"; };
/* End PBXFileReference section */

/* Begin PBXFrameworksBuildPhase section */
		1D81AF4E20925D2700AD16BF /* Frameworks */ = {
			isa = PBXFrameworksBuildPhase;
			buildActionMask = 2147483647;
			files = (
			);
			runOnlyForDeploymentPostprocessing = 0;
		};
		1D81AF6920925D2B00AD16BF /* Frameworks */ = {
			isa = PBXFrameworksBuildPhase;
			buildActionMask = 2147483647;
			files = (
			);
			runOnlyForDeploymentPostprocessing = 0;
		};
		1D81AF7420925D2C00AD16BF /* Frameworks */ = {
			isa = PBXFrameworksBuildPhase;
			buildActionMask = 2147483647;
			files = (
			);
			runOnlyForDeploymentPostprocessing = 0;
		};
/* End PBXFrameworksBuildPhase section */

/* Begin PBXGroup section */
		1D81AF4820925D2700AD16BF = {
			isa = PBXGroup;
			children = (
				1D81AF5320925D2700AD16BF /* Jailbreak113 */,
				1D81AF6F20925D2C00AD16BF /* Jailbreak113Tests */,
				1D81AF7A20925D2C00AD16BF /* Jailbreak113UITests */,
				1D81AF5220925D2700AD16BF /* Products */,
			);
			sourceTree = "<group>";
		};
		1D81AF5220925D2700AD16BF /* Products */ = {
			isa = PBXGroup;
			children = (
				1D81AF5120925D2700AD16BF /* Jailbreak113.app */,
				1D81AF6C20925D2B00AD16BF /* Jailbreak113Tests.xctest */,
				1D81AF7720925D2C00AD16BF /* Jailbreak113UITests.xctest */,
			);
			name = Products;
			sourceTree = "<group>";
		};
		1D81AF5320925D2700AD16BF /* Jailbreak113 */ = {
			isa = PBXGroup;
			children = (
				1D81AF5420925D2700AD16BF /* AppDelegate.h */,
				1D81AF5520925D2700AD16BF /* AppDelegate.m */,
				1D81AF5720925D2700AD16BF /* ViewController.h */,
				1D81AF5820925D2700AD16BF /* ViewController.m */,
				1D81AF5A20925D2700AD16BF /* Main.storyboard */,
				1D81AF6020925D2B00AD16BF /* Assets.xcassets */,
				1D81AF6220925D2B00AD16BF /* LaunchScreen.storyboard */,
				1D81AF6520925D2B00AD16BF /* Info.plist */,
				1D81AF6620925D2B00AD16BF /* main.m */,
				1D81AF5D20925D2700AD16BF /* Jailbreak113.xcdatamodeld */,
			);
			path = Jailbreak113;
			sourceTree = "<group>";
		};
		1D81AF6F20925D2C00AD16BF /* Jailbreak113Tests */ = {
			isa = PBXGroup;
			children = (
				1D81AF7020925D2C00AD16BF /* Jailbreak113Tests.m */,
				1D81AF7220925D2C00AD16BF /* Info.plist */,
			);
			path = Jailbreak113Tests;
			sourceTree = "<group>";
		};
		1D81AF7A20925D2C00AD16BF /* Jailbreak113UITests */ = {
			isa = PBXGroup;
			children = (
				1D81AF7B20925D2C00AD16BF /* Jailbreak113UITests.m */,
				1D81AF7D20925D2C00AD16BF /* Info.plist */,
			);
			path = Jailbreak113UITests;
			sourceTree = "<group>";
		};
/* End PBXGroup section */

/* Begin PBXNativeTarget section */
		1D81AF5020925D2700AD16BF /* Jailbreak113 */ = {
			isa = PBXNativeTarget;
			buildConfigurationList = 1D81AF8020925D2C00AD16BF /* Build configuration list for PBXNativeTarget "Jailbreak113" */;
			buildPhases = (
				1D81AF4D20925D2700AD16BF /* Sources */,
				1D81AF4E20925D2700AD16BF /* Frameworks */,
				1D81AF4F20925D2700AD16BF /* Resources */,
			);
			buildRules = (
			);
			dependencies = (
			);
			name = Jailbreak113;
			productName = Jailbreak113;
			productReference = 1D81AF5120925D2700AD16BF /* Jailbreak113.app */;
			productType = "com.apple.product-type.application";
		};
		1D81AF6B20925D2B00AD16BF /* Jailbreak113Tests */ = {
			isa = PBXNativeTarget;
			buildConfigurationList = 1D81AF8320925D2C00AD16BF /* Build configuration list for PBXNativeTarget "Jailbreak113Tests" */;
			buildPhases = (
				1D81AF6820925D2B00AD16BF /* Sources */,
				1D81AF6920925D2B00AD16BF /* Frameworks */,
				1D81AF6A20925D2B00AD16BF /* Resources */,
			);
			buildRules = (
			);
			dependencies = (
				1D81AF6E20925D2C00AD16BF /* PBXTargetDependency */,
			);
			name = Jailbreak113Tests;
			productName = Jailbreak113Tests;
			productReference = 1D81AF6C20925D2B00AD16BF /* Jailbreak113Tests.xctest */;
			productType = "com.apple.product-type.bundle.unit-test";
		};
		1D81AF7620925D2C00AD16BF /* Jailbreak113UITests */ = {
			isa = PBXNativeTarget;
			buildConfigurationList = 1D81AF8620925D2C00AD16BF /* Build configuration list for PBXNativeTarget "Jailbreak113UITests" */;
			buildPhases = (
				1D81AF7320925D2C00AD16BF /* Sources */,
				1D81AF7420925D2C00AD16BF /* Frameworks */,
				1D81AF7520925D2C00AD16BF /* Resources */,
			);
			buildRules = (
			);
			dependencies = (
				1D81AF7920925D2C00AD16BF /* PBXTargetDependency */,
			);
			name = Jailbreak113UITests;
			productName = Jailbreak113UITests;
			productReference = 1D81AF7720925D2C00AD16BF /* Jailbreak113UITests.xctest */;
			productType = "com.apple.product-type.bundle.ui-testing";
		};
/* End PBXNativeTarget section */

/* Begin PBXProject section */
		1D81AF4920925D2700AD16BF /* Project object */ = {
			isa = PBXProject;
			attributes = {
				LastUpgradeCheck = 0930;
				ORGANIZATIONNAME = "Jailed Inc";
				TargetAttributes = {
					1D81AF5020925D2700AD16BF = {
						CreatedOnToolsVersion = 9.3;
					};
					1D81AF6B20925D2B00AD16BF = {
						CreatedOnToolsVersion = 9.3;
						TestTargetID = 1D81AF5020925D2700AD16BF;
					};
					1D81AF7620925D2C00AD16BF = {
						CreatedOnToolsVersion = 9.3;
						TestTargetID = 1D81AF5020925D2700AD16BF;
					};
				};
			};
			buildConfigurationList = 1D81AF4C20925D2700AD16BF /* Build configuration list for PBXProject "Jailbreak113" */;
			compatibilityVersion = "Xcode 9.3";
			developmentRegion = en;
			hasScannedForEncodings = 0;
			knownRegions = (
				en,
				Base,
			);
			mainGroup = 1D81AF4820925D2700AD16BF;
			productRefGroup = 1D81AF5220925D2700AD16BF /* Products */;
			projectDirPath = "";
			projectRoot = "";
			targets = (
				1D81AF5020925D2700AD16BF /* Jailbreak113 */,
				1D81AF6B20925D2B00AD16BF /* Jailbreak113Tests */,
				1D81AF7620925D2C00AD16BF /* Jailbreak113UITests */,
			);
		};
/* End PBXProject section */

/* Begin PBXResourcesBuildPhase section */
		1D81AF4F20925D2700AD16BF /* Resources */ = {
			isa = PBXResourcesBuildPhase;
			buildActionMask = 2147483647;
			files = (
				1D81AF6420925D2B00AD16BF /* LaunchScreen.storyboard in Resources */,
				1D81AF6120925D2B00AD16BF /* Assets.xcassets in Resources */,
				1D81AF5C20925D2700AD16BF /* Main.storyboard in Resources */,
			);
			runOnlyForDeploymentPostprocessing = 0;
		};
		1D81AF6A20925D2B00AD16BF /* Resources */ = {
			isa = PBXResourcesBuildPhase;
			buildActionMask = 2147483647;
			files = (
			);
			runOnlyForDeploymentPostprocessing = 0;
		};
		1D81AF7520925D2C00AD16BF /* Resources */ = {
			isa = PBXResourcesBuildPhase;
			buildActionMask = 2147483647;
			files = (
			);
			runOnlyForDeploymentPostprocessing = 0;
		};
/* End PBXResourcesBuildPhase section */

/* Begin PBXSourcesBuildPhase section */
		1D81AF4D20925D2700AD16BF /* Sources */ = {
			isa = PBXSourcesBuildPhase;
			buildActionMask = 2147483647;
			files = (
				1D81AF5920925D2700AD16BF /* ViewController.m in Sources */,
				1D81AF5F20925D2700AD16BF /* Jailbreak113.xcdatamodeld in Sources */,
				1D81AF6720925D2B00AD16BF /* main.m in Sources */,
				1D81AF5620925D2700AD16BF /* AppDelegate.m in Sources */,
			);
			runOnlyForDeploymentPostprocessing = 0;
		};
		1D81AF6820925D2B00AD16BF /* Sources */ = {
			isa = PBXSourcesBuildPhase;
			buildActionMask = 2147483647;
			files = (
				1D81AF7120925D2C00AD16BF /* Jailbreak113Tests.m in Sources */,
			);
			runOnlyForDeploymentPostprocessing = 0;
		};
		1D81AF7320925D2C00AD16BF /* Sources */ = {
			isa = PBXSourcesBuildPhase;
			buildActionMask = 2147483647;
			files = (
				1D81AF7C20925D2C00AD16BF /* Jailbreak113UITests.m in Sources */,
			);
			runOnlyForDeploymentPostprocessing = 0;
		};
/* End PBXSourcesBuildPhase section */

/* Begin PBXTargetDependency section */
		1D81AF6E20925D2C00AD16BF /* PBXTargetDependency */ = {
			isa = PBXTargetDependency;
			target = 1D81AF5020925D2700AD16BF /* Jailbreak113 */;
			targetProxy = 1D81AF6D20925D2C00AD16BF /* PBXContainerItemProxy */;
		};
		1D81AF7920925D2C00AD16BF /* PBXTargetDependency */ = {
			isa = PBXTargetDependency;
			target = 1D81AF5020925D2700AD16BF /* Jailbreak113 */;
			targetProxy = 1D81AF7820925D2C00AD16BF /* PBXContainerItemProxy */;
		};
/* End PBXTargetDependency section */

/* Begin PBXVariantGroup section */
		1D81AF5A20925D2700AD16BF /* Main.storyboard */ = {
			isa = PBXVariantGroup;
			children = (
				1D81AF5B20925D2700AD16BF /* Base */,
			);
			name = Main.storyboard;
			sourceTree = "<group>";
		};
		1D81AF6220925D2B00AD16BF /* LaunchScreen.storyboard */ = {
			isa = PBXVariantGroup;
			children = (
				1D81AF6320925D2B00AD16BF /* Base */,
			);
			name = LaunchScreen.storyboard;
			sourceTree = "<group>";
		};
/* End PBXVariantGroup section */

/* Begin XCBuildConfiguration section */
		1D81AF7E20925D2C00AD16BF /* Debug */ = {
			isa = XCBuildConfiguration;
			buildSettings = {
				ALWAYS_SEARCH_USER_PATHS = NO;
				CLANG_ANALYZER_NONNULL = YES;
				CLANG_ANALYZER_NUMBER_OBJECT_CONVERSION = YES_AGGRESSIVE;
				CLANG_CXX_LANGUAGE_STANDARD = "gnu++14";
				CLANG_CXX_LIBRARY = "libc++";
				CLANG_ENABLE_MODULES = YES;
				CLANG_ENABLE_OBJC_ARC = YES;
				CLANG_ENABLE_OBJC_WEAK = YES;
				CLANG_WARN_BLOCK_CAPTURE_AUTORELEASING = YES;
				CLANG_WARN_BOOL_CONVERSION = YES;
				CLANG_WARN_COMMA = YES;
				CLANG_WARN_CONSTANT_CONVERSION = YES;
				CLANG_WARN_DEPRECATED_OBJC_IMPLEMENTATIONS = YES;
				CLANG_WARN_DIRECT_OBJC_ISA_USAGE = YES_ERROR;
				CLANG_WARN_DOCUMENTATION_COMMENTS = YES;
				CLANG_WARN_EMPTY_BODY = YES;
				CLANG_WARN_ENUM_CONVERSION = YES;
				CLANG_WARN_INFINITE_RECURSION = YES;
				CLANG_WARN_INT_CONVERSION = YES;
				CLANG_WARN_NON_LITERAL_NULL_CONVERSION = YES;
				CLANG_WARN_OBJC_IMPLICIT_RETAIN_SELF = YES;
				CLANG_WARN_OBJC_LITERAL_CONVERSION = YES;
				CLANG_WARN_OBJC_ROOT_CLASS = YES_ERROR;
				CLANG_WARN_RANGE_LOOP_ANALYSIS = YES;
				CLANG_WARN_STRICT_PROTOTYPES = YES;
				CLANG_WARN_SUSPICIOUS_MOVE = YES;
				CLANG_WARN_UNGUARDED_AVAILABILITY = YES_AGGRESSIVE;
				CLANG_WARN_UNREACHABLE_CODE = YES;
				CLANG_WARN__DUPLICATE_METHOD_MATCH = YES;
				CODE_SIGN_IDENTITY = "iPhone Developer";
				COPY_PHASE_STRIP = NO;
				DEBUG_INFORMATION_FORMAT = dwarf;
				ENABLE_STRICT_OBJC_MSGSEND = YES;
				ENABLE_TESTABILITY = YES;
				GCC_C_LANGUAGE_STANDARD = gnu11;
				GCC_DYNAMIC_NO_PIC = NO;
				GCC_NO_COMMON_BLOCKS = YES;
				GCC_OPTIMIZATION_LEVEL = 0;
				GCC_PREPROCESSOR_DEFINITIONS = (
					"DEBUG=1",
					"$(inherited)",
				);
				GCC_WARN_64_TO_32_BIT_CONVERSION = YES;
				GCC_WARN_ABOUT_RETURN_TYPE = YES_ERROR;
				GCC_WARN_UNDECLARED_SELECTOR = YES;
				GCC_WARN_UNINITIALIZED_AUTOS = YES_AGGRESSIVE;
				GCC_WARN_UNUSED_FUNCTION = YES;
				GCC_WARN_UNUSED_VARIABLE = YES;
				IPHONEOS_DEPLOYMENT_TARGET = 11.3;
				MTL_ENABLE_DEBUG_INFO = YES;
				ONLY_ACTIVE_ARCH = YES;
				SDKROOT = iphoneos;
			};
			name = Debug;
		};
		1D81AF7F20925D2C00AD16BF /* Release */ = {
			isa = XCBuildConfiguration;
			buildSettings = {
				ALWAYS_SEARCH_USER_PATHS = NO;
				CLANG_ANALYZER_NONNULL = YES;
				CLANG_ANALYZER_NUMBER_OBJECT_CONVERSION = YES_AGGRESSIVE;
				CLANG_CXX_LANGUAGE_STANDARD = "gnu++14";
				CLANG_CXX_LIBRARY = "libc++";
				CLANG_ENABLE_MODULES = YES;
				CLANG_ENABLE_OBJC_ARC = YES;
				CLANG_ENABLE_OBJC_WEAK = YES;
				CLANG_WARN_BLOCK_CAPTURE_AUTORELEASING = YES;
				CLANG_WARN_BOOL_CONVERSION = YES;
				CLANG_WARN_COMMA = YES;
				CLANG_WARN_CONSTANT_CONVERSION = YES;
				CLANG_WARN_DEPRECATED_OBJC_IMPLEMENTATIONS = YES;
				CLANG_WARN_DIRECT_OBJC_ISA_USAGE = YES_ERROR;
				CLANG_WARN_DOCUMENTATION_COMMENTS = YES;
				CLANG_WARN_EMPTY_BODY = YES;
				CLANG_WARN_ENUM_CONVERSION = YES;
				CLANG_WARN_INFINITE_RECURSION = YES;
				CLANG_WARN_INT_CONVERSION = YES;
				CLANG_WARN_NON_LITERAL_NULL_CONVERSION = YES;
				CLANG_WARN_OBJC_IMPLICIT_RETAIN_SELF = YES;
				CLANG_WARN_OBJC_LITERAL_CONVERSION = YES;
				CLANG_WARN_OBJC_ROOT_CLASS = YES_ERROR;
				CLANG_WARN_RANGE_LOOP_ANALYSIS = YES;
				CLANG_WARN_STRICT_PROTOTYPES = YES;
				CLANG_WARN_SUSPICIOUS_MOVE = YES;
				CLANG_WARN_UNGUARDED_AVAILABILITY = YES_AGGRESSIVE;
				CLANG_WARN_UNREACHABLE_CODE = YES;
				CLANG_WARN__DUPLICATE_METHOD_MATCH = YES;
				CODE_SIGN_IDENTITY = "iPhone Developer";
				COPY_PHASE_STRIP = NO;
				DEBUG_INFORMATION_FORMAT = "dwarf-with-dsym";
				ENABLE_NS_ASSERTIONS = NO;
				ENABLE_STRICT_OBJC_MSGSEND = YES;
				GCC_C_LANGUAGE_STANDARD = gnu11;
				GCC_NO_COMMON_BLOCKS = YES;
				GCC_WARN_64_TO_32_BIT_CONVERSION = YES;
				GCC_WARN_ABOUT_RETURN_TYPE = YES_ERROR;
				GCC_WARN_UNDECLARED_SELECTOR = YES;
				GCC_WARN_UNINITIALIZED_AUTOS = YES_AGGRESSIVE;
				GCC_WARN_UNUSED_FUNCTION = YES;
				GCC_WARN_UNUSED_VARIABLE = YES;
				IPHONEOS_DEPLOYMENT_TARGET = 11.3;
				MTL_ENABLE_DEBUG_INFO = NO;
				SDKROOT = iphoneos;
				VALIDATE_PRODUCT = YES;
			};
			name = Release;
		};
		1D81AF8120925D2C00AD16BF /* Debug */ = {
			isa = XCBuildConfiguration;
			buildSettings = {
				ASSETCATALOG_COMPILER_APPICON_NAME = AppIcon;
				CODE_SIGN_STYLE = Automatic;
				DEVELOPMENT_TEAM = 376SZ86J7X;
				INFOPLIST_FILE = Jailbreak113/Info.plist;
				LD_RUNPATH_SEARCH_PATHS = (
					"$(inherited)",
					"@executable_path/Frameworks",
				);
				PRODUCT_BUNDLE_IDENTIFIER = ml.jailed.Jailbreak113;
				PRODUCT_NAME = "$(TARGET_NAME)";
				TARGETED_DEVICE_FAMILY = "1,2";
			};
			name = Debug;
		};
		1D81AF8220925D2C00AD16BF /* Release */ = {
			isa = XCBuildConfiguration;
			buildSettings = {
				ASSETCATALOG_COMPILER_APPICON_NAME = AppIcon;
				CODE_SIGN_STYLE = Automatic;
				DEVELOPMENT_TEAM = 376SZ86J7X;
				INFOPLIST_FILE = Jailbreak113/Info.plist;
				LD_RUNPATH_SEARCH_PATHS = (
					"$(inherited)",
					"@executable_path/Frameworks",
				);
				PRODUCT_BUNDLE_IDENTIFIER = ml.jailed.Jailbreak113;
				PRODUCT_NAME = "$(TARGET_NAME)";
				TARGETED_DEVICE_FAMILY = "1,2";
			};
			name = Release;
		};
		1D81AF8420925D2C00AD16BF /* Debug */ = {
			isa = XCBuildConfiguration;
			buildSettings = {
				BUNDLE_LOADER = "$(TEST_HOST)";
				CODE_SIGN_STYLE = Automatic;
				DEVELOPMENT_TEAM = 376SZ86J7X;
				INFOPLIST_FILE = Jailbreak113Tests/Info.plist;
				LD_RUNPATH_SEARCH_PATHS = (
					"$(inherited)",
					"@executable_path/Frameworks",
					"@loader_path/Frameworks",
				);
				PRODUCT_BUNDLE_IDENTIFIER = ml.jailed.Jailbreak113Tests;
				PRODUCT_NAME = "$(TARGET_NAME)";
				TARGETED_DEVICE_FAMILY = "1,2";
				TEST_HOST = "$(BUILT_PRODUCTS_DIR)/Jailbreak113.app/Jailbreak113";
			};
			name = Debug;
		};
		1D81AF8520925D2C00AD16BF /* Release */ = {
			isa = XCBuildConfiguration;
			buildSettings = {
				BUNDLE_LOADER = "$(TEST_HOST)";
				CODE_SIGN_STYLE = Automatic;
				DEVELOPMENT_TEAM = 376SZ86J7X;
				INFOPLIST_FILE = Jailbreak113Tests/Info.plist;
				LD_RUNPATH_SEARCH_PATHS = (
					"$(inherited)",
					"@executable_path/Frameworks",
					"@loader_path/Frameworks",
				);
				PRODUCT_BUNDLE_IDENTIFIER = ml.jailed.Jailbreak113Tests;
				PRODUCT_NAME = "$(TARGET_NAME)";
				TARGETED_DEVICE_FAMILY = "1,2";
				TEST_HOST = "$(BUILT_PRODUCTS_DIR)/Jailbreak113.app/Jailbreak113";
			};
			name = Release;
		};
		1D81AF8720925D2C00AD16BF /* Debug */ = {
			isa = XCBuildConfiguration;
			buildSettings = {
				CODE_SIGN_STYLE = Automatic;
				DEVELOPMENT_TEAM = 376SZ86J7X;
				INFOPLIST_FILE = Jailbreak113UITests/Info.plist;
				LD_RUNPATH_SEARCH_PATHS = (
					"$(inherited)",
					"@executable_path/Frameworks",
					"@loader_path/Frameworks",
				);
				PRODUCT_BUNDLE_IDENTIFIER = ml.jailed.Jailbreak113UITests;
				PRODUCT_NAME = "$(TARGET_NAME)";
				TARGETED_DEVICE_FAMILY = "1,2";
				TEST_TARGET_NAME = Jailbreak113;
			};
			name = Debug;
		};
		1D81AF8820925D2C00AD16BF /* Release */ = {
			isa = XCBuildConfiguration;
			buildSettings = {
				CODE_SIGN_STYLE = Automatic;
				DEVELOPMENT_TEAM = 376SZ86J7X;
				INFOPLIST_FILE = Jailbreak113UITests/Info.plist;
				LD_RUNPATH_SEARCH_PATHS = (
					"$(inherited)",
					"@executable_path/Frameworks",
					"@loader_path/Frameworks",
				);
				PRODUCT_BUNDLE_IDENTIFIER = ml.jailed.Jailbreak113UITests;
				PRODUCT_NAME = "$(TARGET_NAME)";
				TARGETED_DEVICE_FAMILY = "1,2";
				TEST_TARGET_NAME = Jailbreak113;
			};
			name = Release;
		};
/* End XCBuildConfiguration section */

/* Begin XCConfigurationList section */
		1D81AF4C20925D2700AD16BF /* Build configuration list for PBXProject "Jailbreak113" */ = {
			isa = XCConfigurationList;
			buildConfigurations = (
				1D81AF7E20925D2C00AD16BF /* Debug */,
				1D81AF7F20925D2C00AD16BF /* Release */,
			);
			defaultConfigurationIsVisible = 0;
			defaultConfigurationName = Release;
		};
		1D81AF8020925D2C00AD16BF /* Build configuration list for PBXNativeTarget "Jailbreak113" */ = {
			isa = XCConfigurationList;
			buildConfigurations = (
				1D81AF8120925D2C00AD16BF /* Debug */,
				1D81AF8220925D2C00AD16BF /* Release */,
			);
			defaultConfigurationIsVisible = 0;
			defaultConfigurationName = Release;
		};
		1D81AF8320925D2C00AD16BF /* Build configuration list for PBXNativeTarget "Jailbreak113Tests" */ = {
			isa = XCConfigurationList;
			buildConfigurations = (
				1D81AF8420925D2C00AD16BF /* Debug */,
				1D81AF8520925D2C00AD16BF /* Release */,
			);
			defaultConfigurationIsVisible = 0;
			defaultConfigurationName = Release;
		};
		1D81AF8620925D2C00AD16BF /* Build configuration list for PBXNativeTarget "Jailbreak113UITests" */ = {
			isa = XCConfigurationList;
			buildConfigurations = (
				1D81AF8720925D2C00AD16BF /* Debug */,
				1D81AF8820925D2C00AD16BF /* Release */,
			);
			defaultConfigurationIsVisible = 0;
			defaultConfigurationName = Release;
		};
/* End XCConfigurationList section */

/* Begin XCVersionGroup section */
		1D81AF5D20925D2700AD16BF /* Jailbreak113.xcdatamodeld */ = {
			isa = XCVersionGroup;
			children = (
				1D81AF5E20925D2700AD16BF /* Jailbreak113.xcdatamodel */,
			);
			currentVersion = 1D81AF5E20925D2700AD16BF /* Jailbreak113.xcdatamodel */;
			path = Jailbreak113.xcdatamodeld;
			sourceTree = "<group>";
			versionGroupType = wrapper.xcdatamodel;
		};
/* End XCVersionGroup section */
	};
	rootObject = 1D81AF4920925D2700AD16BF /* Project object */;
}
